
Microsoft Visual Studio Solution File, Format Version 12.00
# Visual Studio Version 17
VisualStudioVersion = 17.4.33103.184
MinimumVisualStudioVersion = 10.0.40219.1
Project("{9A19103F-16F7-4668-BE54-9A1E7A4F7556}") = "Issue_Tracker", "Issue_Tracker\Issue_Tracker.csproj", "{E12004B9-27CF-4BFD-9954-401419DEA1B7}"
EndProject
Global
	GlobalSection(SolutionConfigurationPlatforms) = preSolution
		Debug|Any CPU = Debug|Any CPU
		Release|Any CPU = Release|Any CPU
	EndGlobalSection
	GlobalSection(ProjectConfigurationPlatforms) = postSolution
		{E12004B9-27CF-4BFD-9954-401419DEA1B7}.Debug|Any CPU.ActiveCfg = Debug|Any CPU
		{E12004B9-27CF-4BFD-9954-401419DEA1B7}.Debug|Any CPU.Build.0 = Debug|Any CPU
		{E12004B9-27CF-4BFD-9954-401419DEA1B7}.Release|Any CPU.ActiveCfg = Release|Any CPU
		{E12004B9-27CF-4BFD-9954-401419DEA1B7}.Release|Any CPU.Build.0 = Release|Any CPU
	EndGlobalSection
	GlobalSection(SolutionProperties) = preSolution
		HideSolutionNode = FALSE
	EndGlobalSection
	GlobalSection(ExtensibilityGlobals) = postSolution
		SolutionGuid = {A6C472CE-AC04-4BAE-91F2-1DEB564BC2DD}
	EndGlobalSection
EndGlobal
